PODS:
  - JoinStoriesSDK (1.6.0)

DEPENDENCIES:
  - JoinStoriesSDK (~> 1.6.0)

SPEC REPOS:
  https://github.com/CocoaPods/Specs.git:
    - JoinStoriesSDK

SPEC CHECKSUMS:
  JoinStoriesSDK: a56522c4ee029ff8baf3a47a738b1ae302959a31

PODFILE CHECKSUM: 3a8cd73cf55e8790bc103530f10d3cd36b1aa1ba

COCOAPODS: 1.12.1
