PODS:
  - JoinStoriesSDK (1.2.7)
  - SnapKit (5.0.1)

DEPENDENCIES:
  - JoinStoriesSDK (~> 1.2.7)
  - SnapKit (~> 5.0.0)

SPEC REPOS:
  https://github.com/CocoaPods/Specs.git:
    - JoinStoriesSDK
    - SnapKit

SPEC CHECKSUMS:
  JoinStoriesSDK: b40fda7e41b1890db92d8ac75e496199cf291ec6
  SnapKit: 97b92857e3df3a0c71833cce143274bf6ef8e5eb

PODFILE CHECKSUM: 4c0b22f14b43be792a710166f58216b42fd14768

COCOAPODS: 1.12.1
