PODS:
  - Alamofire (5.4.4)
  - AlamofireImage (4.2.0):
    - Alamofire (~> 5.4)
  - JoinStoriesSDK (0.1.5):
    - Alamofire (~> 5.4.4)
    - AlamofireImage (~> 4.2.0)
    - SnapKit (~> 5.0.0)
    - SwiftyJSON (~> 4.0)
  - SnapKit (5.0.1)
  - SwiftyJSON (4.3.0)

DEPENDENCIES:
  - JoinStoriesSDK
  - SnapKit (~> 5.0.0)

SPEC REPOS:
  https://github.com/CocoaPods/Specs.git:
    - Alamofire
    - AlamofireImage
    - JoinStoriesSDK
    - SnapKit
    - SwiftyJSON

SPEC CHECKSUMS:
  Alamofire: f3b09a368f1582ab751b3fff5460276e0d2cf5c9
  AlamofireImage: 34a2d90b0e5fe6a5605f85ae4b7b01e784c60192
  JoinStoriesSDK: e3fe83a8726c69f22b63b4ee1b0177cb5a3fd63a
  SnapKit: 97b92857e3df3a0c71833cce143274bf6ef8e5eb
  SwiftyJSON: 6faa0040f8b59dead0ee07436cbf76b73c08fd08

PODFILE CHECKSUM: 544376fcd0ba5a5aba7aa97e1ba18dd5e04608b8

COCOAPODS: 1.11.2
