// !$*UTF8*$!
{
	archiveVersion = 1;
	classes = {
	};
	objectVersion = 53;
	objects = {

/* Begin PBXBuildFile section */
		278F399B26F0DE64008C027D /* Assets.xcassets in Resources */ = {isa = PBXBuildFile; fileRef = 278F399326F0DE64008C027D /* Assets.xcassets */; };
		278F399D26F0DE64008C027D /* Preview Assets.xcassets in Resources */ = {isa = PBXBuildFile; fileRef = 278F399626F0DE64008C027D /* Preview Assets.xcassets */; };
		278F399E26F0DE64008C027D /* Main.storyboard in Resources */ = {isa = PBXBuildFile; fileRef = 278F399726F0DE64008C027D /* Main.storyboard */; };
		278F399F26F0DE64008C027D /* AppDelegate.swift in Sources */ = {isa = PBXBuildFile; fileRef = 278F399826F0DE64008C027D /* AppDelegate.swift */; };
		9CE69BC62A2E149500F55C00 /* MainViewController.swift in Sources */ = {isa = PBXBuildFile; fileRef = 9CE69BC52A2E149500F55C00 /* MainViewController.swift */; };
		9CE69BC82A2E14C100F55C00 /* ThumbViewController.swift in Sources */ = {isa = PBXBuildFile; fileRef = 9CE69BC72A2E14C100F55C00 /* ThumbViewController.swift */; };
		9CE69BCA2A2E14EB00F55C00 /* PlayerOnlyViewController.swift in Sources */ = {isa = PBXBuildFile; fileRef = 9CE69BC92A2E14EB00F55C00 /* PlayerOnlyViewController.swift */; };
		EBB51832059DE2135F7563EB /* Pods_join_stories_sdk_ios_demo.framework in Frameworks */ = {isa = PBXBuildFile; fileRef = 3902CA9F88C70725AE948171 /* Pods_join_stories_sdk_ios_demo.framework */; };
/* End PBXBuildFile section */

/* Begin PBXFileReference section */
		113BEBCE287E87A54C41FB53 /* Pods-join-stories-sdk-ios-demo.debug.xcconfig */ = {isa = PBXFileReference; includeInIndex = 1; lastKnownFileType = text.xcconfig; name = "Pods-join-stories-sdk-ios-demo.debug.xcconfig"; path = "Target Support Files/Pods-join-stories-sdk-ios-demo/Pods-join-stories-sdk-ios-demo.debug.xcconfig"; sourceTree = "<group>"; };
		278F399326F0DE64008C027D /* Assets.xcassets */ = {isa = PBXFileReference; lastKnownFileType = folder.assetcatalog; path = Assets.xcassets; sourceTree = "<group>"; };
		278F399626F0DE64008C027D /* Preview Assets.xcassets */ = {isa = PBXFileReference; lastKnownFileType = folder.assetcatalog; path = "Preview Assets.xcassets"; sourceTree = "<group>"; };
		278F399726F0DE64008C027D /* Main.storyboard */ = {isa = PBXFileReference; fileEncoding = 4; lastKnownFileType = file.storyboard; path = Main.storyboard; sourceTree = "<group>"; };
		278F399826F0DE64008C027D /* AppDelegate.swift */ = {isa = PBXFileReference; fileEncoding = 4; lastKnownFileType = sourcecode.swift; path = AppDelegate.swift; sourceTree = "<group>"; };
		278F399926F0DE64008C027D /* Info.plist */ = {isa = PBXFileReference; fileEncoding = 4; lastKnownFileType = text.plist.xml; path = Info.plist; sourceTree = "<group>"; };
		279570B726F0D79B00B1FA99 /* join-stories-sdk-ios-demo.app */ = {isa = PBXFileReference; explicitFileType = wrapper.application; includeInIndex = 0; path = "join-stories-sdk-ios-demo.app"; sourceTree = BUILT_PRODUCTS_DIR; };
		3902CA9F88C70725AE948171 /* Pods_join_stories_sdk_ios_demo.framework */ = {isa = PBXFileReference; explicitFileType = wrapper.framework; includeInIndex = 0; path = Pods_join_stories_sdk_ios_demo.framework; sourceTree = BUILT_PRODUCTS_DIR; };
		926B628EBF2DB612EFDBFCD2 /* Pods-join-stories-sdk-ios-demo.release.xcconfig */ = {isa = PBXFileReference; includeInIndex = 1; lastKnownFileType = text.xcconfig; name = "Pods-join-stories-sdk-ios-demo.release.xcconfig"; path = "Target Support Files/Pods-join-stories-sdk-ios-demo/Pods-join-stories-sdk-ios-demo.release.xcconfig"; sourceTree = "<group>"; };
		9CE69BC52A2E149500F55C00 /* MainViewController.swift */ = {isa = PBXFileReference; lastKnownFileType = sourcecode.swift; path = MainViewController.swift; sourceTree = "<group>"; };
		9CE69BC72A2E14C100F55C00 /* ThumbViewController.swift */ = {isa = PBXFileReference; lastKnownFileType = sourcecode.swift; path = ThumbViewController.swift; sourceTree = "<group>"; };
		9CE69BC92A2E14EB00F55C00 /* PlayerOnlyViewController.swift */ = {isa = PBXFileReference; lastKnownFileType = sourcecode.swift; path = PlayerOnlyViewController.swift; sourceTree = "<group>"; };
/* End PBXFileReference section */

/* Begin PBXFrameworksBuildPhase section */
		279570AF26F0D79B00B1FA99 /* Frameworks */ = {
			isa = PBXFrameworksBuildPhase;
			buildActionMask = 2147483647;
			files = (
				EBB51832059DE2135F7563EB /* Pods_join_stories_sdk_ios_demo.framework in Frameworks */,
			);
			runOnlyForDeploymentPostprocessing = 0;
		};
/* End PBXFrameworksBuildPhase section */

/* Begin PBXGroup section */
		02EA8C4BB741F64C8B394197 /* Frameworks */ = {
			isa = PBXGroup;
			children = (
				3902CA9F88C70725AE948171 /* Pods_join_stories_sdk_ios_demo.framework */,
			);
			name = Frameworks;
			sourceTree = "<group>";
		};
		278F399126F0DE64008C027D /* join-stories-sdk-ios-demo */ = {
			isa = PBXGroup;
			children = (
				278F399526F0DE64008C027D /* Preview Content */,
				278F399826F0DE64008C027D /* AppDelegate.swift */,
				9CE69BC52A2E149500F55C00 /* MainViewController.swift */,
				9CE69BC72A2E14C100F55C00 /* ThumbViewController.swift */,
				9CE69BC92A2E14EB00F55C00 /* PlayerOnlyViewController.swift */,
				278F399326F0DE64008C027D /* Assets.xcassets */,
				278F399726F0DE64008C027D /* Main.storyboard */,
				278F399926F0DE64008C027D /* Info.plist */,
			);
			path = "join-stories-sdk-ios-demo";
			sourceTree = "<group>";
		};
		278F399526F0DE64008C027D /* Preview Content */ = {
			isa = PBXGroup;
			children = (
				278F399626F0DE64008C027D /* Preview Assets.xcassets */,
			);
			path = "Preview Content";
			sourceTree = "<group>";
		};
		27C6816826D5361100AF0536 = {
			isa = PBXGroup;
			children = (
				278F399126F0DE64008C027D /* join-stories-sdk-ios-demo */,
				27C6817226D5361100AF0536 /* Products */,
				30F1A589ACF3BDF1F4DB8877 /* Pods */,
				02EA8C4BB741F64C8B394197 /* Frameworks */,
			);
			sourceTree = "<group>";
		};
		27C6817226D5361100AF0536 /* Products */ = {
			isa = PBXGroup;
			children = (
				279570B726F0D79B00B1FA99 /* join-stories-sdk-ios-demo.app */,
			);
			name = Products;
			sourceTree = "<group>";
		};
		30F1A589ACF3BDF1F4DB8877 /* Pods */ = {
			isa = PBXGroup;
			children = (
				113BEBCE287E87A54C41FB53 /* Pods-join-stories-sdk-ios-demo.debug.xcconfig */,
				926B628EBF2DB612EFDBFCD2 /* Pods-join-stories-sdk-ios-demo.release.xcconfig */,
			);
			path = Pods;
			sourceTree = "<group>";
		};
/* End PBXGroup section */

/* Begin PBXNativeTarget section */
		279570AC26F0D79B00B1FA99 /* join-stories-sdk-ios-demo */ = {
			isa = PBXNativeTarget;
			buildConfigurationList = 279570B426F0D79B00B1FA99 /* Build configuration list for PBXNativeTarget "join-stories-sdk-ios-demo" */;
			buildPhases = (
				279570AD26F0D79B00B1FA99 /* [CP] Check Pods Manifest.lock */,
				279570AE26F0D79B00B1FA99 /* Sources */,
				279570AF26F0D79B00B1FA99 /* Frameworks */,
				279570B126F0D79B00B1FA99 /* Resources */,
				279570B326F0D79B00B1FA99 /* [CP] Embed Pods Frameworks */,
			);
			buildRules = (
			);
			dependencies = (
			);
			name = "join-stories-sdk-ios-demo";
			productName = "sdk-ios-demo";
			productReference = 279570B726F0D79B00B1FA99 /* join-stories-sdk-ios-demo.app */;
			productType = "com.apple.product-type.application";
		};
/* End PBXNativeTarget section */

/* Begin PBXProject section */
		27C6816926D5361100AF0536 /* Project object */ = {
			isa = PBXProject;
			attributes = {
				BuildIndependentTargetsInParallel = YES;
				LastSwiftUpdateCheck = 1250;
				LastUpgradeCheck = 1430;
			};
			buildConfigurationList = 27C6816C26D5361100AF0536 /* Build configuration list for PBXProject "join-stories-sdk-ios-demo" */;
			compatibilityVersion = "Xcode 9.3";
			developmentRegion = en;
			hasScannedForEncodings = 0;
			knownRegions = (
				en,
				Base,
			);
			mainGroup = 27C6816826D5361100AF0536;
			productRefGroup = 27C6817226D5361100AF0536 /* Products */;
			projectDirPath = "";
			projectRoot = "";
			targets = (
				279570AC26F0D79B00B1FA99 /* join-stories-sdk-ios-demo */,
			);
		};
/* End PBXProject section */

/* Begin PBXResourcesBuildPhase section */
		279570B126F0D79B00B1FA99 /* Resources */ = {
			isa = PBXResourcesBuildPhase;
			buildActionMask = 2147483647;
			files = (
				278F399D26F0DE64008C027D /* Preview Assets.xcassets in Resources */,
				278F399B26F0DE64008C027D /* Assets.xcassets in Resources */,
				278F399E26F0DE64008C027D /* Main.storyboard in Resources */,
			);
			runOnlyForDeploymentPostprocessing = 0;
		};
/* End PBXResourcesBuildPhase section */

/* Begin PBXShellScriptBuildPhase section */
		279570AD26F0D79B00B1FA99 /* [CP] Check Pods Manifest.lock */ = {
			isa = PBXShellScriptBuildPhase;
			buildActionMask = 2147483647;
			files = (
			);
			inputFileListPaths = (
			);
			inputPaths = (
				"${PODS_PODFILE_DIR_PATH}/Podfile.lock",
				"${PODS_ROOT}/Manifest.lock",
			);
			name = "[CP] Check Pods Manifest.lock";
			outputFileListPaths = (
			);
			outputPaths = (
				"$(DERIVED_FILE_DIR)/Pods-join-stories-sdk-ios-demo-checkManifestLockResult.txt",
			);
			runOnlyForDeploymentPostprocessing = 0;
			shellPath = /bin/sh;
			shellScript = "diff \"${PODS_PODFILE_DIR_PATH}/Podfile.lock\" \"${PODS_ROOT}/Manifest.lock\" > /dev/null\nif [ $? != 0 ] ; then\n    # print error to STDERR\n    echo \"error: The sandbox is not in sync with the Podfile.lock. Run 'pod install' or update your CocoaPods installation.\" >&2\n    exit 1\nfi\n# This output is used by Xcode 'outputs' to avoid re-running this script phase.\necho \"SUCCESS\" > \"${SCRIPT_OUTPUT_FILE_0}\"\n";
			showEnvVarsInLog = 0;
		};
		279570B326F0D79B00B1FA99 /* [CP] Embed Pods Frameworks */ = {
			isa = PBXShellScriptBuildPhase;
			buildActionMask = 2147483647;
			files = (
			);
			inputFileListPaths = (
				"${PODS_ROOT}/Target Support Files/Pods-join-stories-sdk-ios-demo/Pods-join-stories-sdk-ios-demo-frameworks-${CONFIGURATION}-input-files.xcfilelist",
			);
			name = "[CP] Embed Pods Frameworks";
			outputFileListPaths = (
				"${PODS_ROOT}/Target Support Files/Pods-join-stories-sdk-ios-demo/Pods-join-stories-sdk-ios-demo-frameworks-${CONFIGURATION}-output-files.xcfilelist",
			);
			runOnlyForDeploymentPostprocessing = 0;
			shellPath = /bin/sh;
			shellScript = "\"${PODS_ROOT}/Target Support Files/Pods-join-stories-sdk-ios-demo/Pods-join-stories-sdk-ios-demo-frameworks.sh\"\n";
			showEnvVarsInLog = 0;
		};
/* End PBXShellScriptBuildPhase section */

/* Begin PBXSourcesBuildPhase section */
		279570AE26F0D79B00B1FA99 /* Sources */ = {
			isa = PBXSourcesBuildPhase;
			buildActionMask = 2147483647;
			files = (
				9CE69BCA2A2E14EB00F55C00 /* PlayerOnlyViewController.swift in Sources */,
				9CE69BC62A2E149500F55C00 /* MainViewController.swift in Sources */,
				278F399F26F0DE64008C027D /* AppDelegate.swift in Sources */,
				9CE69BC82A2E14C100F55C00 /* ThumbViewController.swift in Sources */,
			);
			runOnlyForDeploymentPostprocessing = 0;
		};
/* End PBXSourcesBuildPhase section */

/* Begin XCBuildConfiguration section */
		279570B526F0D79B00B1FA99 /* Debug */ = {
			isa = XCBuildConfiguration;
			baseConfigurationReference = 113BEBCE287E87A54C41FB53 /* Pods-join-stories-sdk-ios-demo.debug.xcconfig */;
			buildSettings = {
				ASSETCATALOG_COMPILER_GLOBAL_ACCENT_COLOR_NAME = AccentColor;
				CLANG_ENABLE_MODULES = YES;
				CODE_SIGN_STYLE = Automatic;
				DEVELOPMENT_ASSET_PATHS = "";
				DEVELOPMENT_TEAM = S9ZWLXSAH8;
				ENABLE_PREVIEWS = YES;
				INFOPLIST_FILE = "$(SRCROOT)/join-stories-sdk-ios-demo/Info.plist";
				IPHONEOS_DEPLOYMENT_TARGET = 13.0;
				LD_RUNPATH_SEARCH_PATHS = (
					"$(inherited)",
					"@executable_path/Frameworks",
				);
				PRODUCT_BUNDLE_IDENTIFIER = "JOIN.join-stories-sdk-ios-demo";
				PRODUCT_NAME = "$(TARGET_NAME)";
				SWIFT_OPTIMIZATION_LEVEL = "-Onone";
				SWIFT_VERSION = 5.0;
				TARGETED_DEVICE_FAMILY = "1,2";
			};
			name = Debug;
		};
		279570B626F0D79B00B1FA99 /* Release */ = {
			isa = XCBuildConfiguration;
			baseConfigurationReference = 926B628EBF2DB612EFDBFCD2 /* Pods-join-stories-sdk-ios-demo.release.xcconfig */;
			buildSettings = {
				ASSETCATALOG_COMPILER_GLOBAL_ACCENT_COLOR_NAME = AccentColor;
				CLANG_ENABLE_MODULES = YES;
				CODE_SIGN_STYLE = Automatic;
				DEVELOPMENT_ASSET_PATHS = "";
				DEVELOPMENT_TEAM = S9ZWLXSAH8;
				ENABLE_PREVIEWS = YES;
				INFOPLIST_FILE = "$(SRCROOT)/join-stories-sdk-ios-demo/Info.plist";
				IPHONEOS_DEPLOYMENT_TARGET = 13.0;
				LD_RUNPATH_SEARCH_PATHS = (
					"$(inherited)",
					"@executable_path/Frameworks",
				);
				PRODUCT_BUNDLE_IDENTIFIER = "JOIN.join-stories-sdk-ios-demo";
				PRODUCT_NAME = "$(TARGET_NAME)";
				SWIFT_VERSION = 5.0;
				TARGETED_DEVICE_FAMILY = "1,2";
			};
			name = Release;
		};
		27C6817E26D5361200AF0536 /* Debug */ = {
			isa = XCBuildConfiguration;
			buildSettings = {
				ALWAYS_SEARCH_USER_PATHS = NO;
				CLANG_ANALYZER_NONNULL = YES;
				CLANG_ANALYZER_NUMBER_OBJECT_CONVERSION = YES_AGGRESSIVE;
				CLANG_CXX_LANGUAGE_STANDARD = "gnu++14";
				CLANG_CXX_LIBRARY = "libc++";
				CLANG_ENABLE_MODULES = YES;
				CLANG_ENABLE_OBJC_ARC = YES;
				CLANG_ENABLE_OBJC_WEAK = YES;
				CLANG_WARN_BLOCK_CAPTURE_AUTORELEASING = YES;
				CLANG_WARN_BOOL_CONVERSION = YES;
				CLANG_WARN_COMMA = YES;
				CLANG_WARN_CONSTANT_CONVERSION = YES;
				CLANG_WARN_DEPRECATED_OBJC_IMPLEMENTATIONS = YES;
				CLANG_WARN_DIRECT_OBJC_ISA_USAGE = YES_ERROR;
				CLANG_WARN_DOCUMENTATION_COMMENTS = YES;
				CLANG_WARN_EMPTY_BODY = YES;
				CLANG_WARN_ENUM_CONVERSION = YES;
				CLANG_WARN_INFINITE_RECURSION = YES;
				CLANG_WARN_INT_CONVERSION = YES;
				CLANG_WARN_NON_LITERAL_NULL_CONVERSION = YES;
				CLANG_WARN_OBJC_IMPLICIT_RETAIN_SELF = YES;
				CLANG_WARN_OBJC_LITERAL_CONVERSION = YES;
				CLANG_WARN_OBJC_ROOT_CLASS = YES_ERROR;
				CLANG_WARN_QUOTED_INCLUDE_IN_FRAMEWORK_HEADER = YES;
				CLANG_WARN_RANGE_LOOP_ANALYSIS = YES;
				CLANG_WARN_STRICT_PROTOTYPES = YES;
				CLANG_WARN_SUSPICIOUS_MOVE = YES;
				CLANG_WARN_UNGUARDED_AVAILABILITY = YES_AGGRESSIVE;
				CLANG_WARN_UNREACHABLE_CODE = YES;
				CLANG_WARN__DUPLICATE_METHOD_MATCH = YES;
				COPY_PHASE_STRIP = NO;
				DEBUG_INFORMATION_FORMAT = dwarf;
				ENABLE_STRICT_OBJC_MSGSEND = YES;
				ENABLE_TESTABILITY = YES;
				GCC_C_LANGUAGE_STANDARD = gnu11;
				GCC_DYNAMIC_NO_PIC = NO;
				GCC_NO_COMMON_BLOCKS = YES;
				GCC_OPTIMIZATION_LEVEL = 0;
				GCC_PREPROCESSOR_DEFINITIONS = (
					"DEBUG=1",
					"$(inherited)",
				);
				GCC_WARN_64_TO_32_BIT_CONVERSION = YES;
				GCC_WARN_ABOUT_RETURN_TYPE = YES_ERROR;
				GCC_WARN_UNDECLARED_SELECTOR = YES;
				GCC_WARN_UNINITIALIZED_AUTOS = YES_AGGRESSIVE;
				GCC_WARN_UNUSED_FUNCTION = YES;
				GCC_WARN_UNUSED_VARIABLE = YES;
				IPHONEOS_DEPLOYMENT_TARGET = 13.0;
				MTL_ENABLE_DEBUG_INFO = INCLUDE_SOURCE;
				MTL_FAST_MATH = YES;
				ONLY_ACTIVE_ARCH = YES;
				SDKROOT = iphoneos;
				SWIFT_ACTIVE_COMPILATION_CONDITIONS = DEBUG;
				SWIFT_OPTIMIZATION_LEVEL = "-Onone";
			};
			name = Debug;
		};
		27C6817F26D5361200AF0536 /* Release */ = {
			isa = XCBuildConfiguration;
			buildSettings = {
				ALWAYS_SEARCH_USER_PATHS = NO;
				CLANG_ANALYZER_NONNULL = YES;
				CLANG_ANALYZER_NUMBER_OBJECT_CONVERSION = YES_AGGRESSIVE;
				CLANG_CXX_LANGUAGE_STANDARD = "gnu++14";
				CLANG_CXX_LIBRARY = "libc++";
				CLANG_ENABLE_MODULES = YES;
				CLANG_ENABLE_OBJC_ARC = YES;
				CLANG_ENABLE_OBJC_WEAK = YES;
				CLANG_WARN_BLOCK_CAPTURE_AUTORELEASING = YES;
				CLANG_WARN_BOOL_CONVERSION = YES;
				CLANG_WARN_COMMA = YES;
				CLANG_WARN_CONSTANT_CONVERSION = YES;
				CLANG_WARN_DEPRECATED_OBJC_IMPLEMENTATIONS = YES;
				CLANG_WARN_DIRECT_OBJC_ISA_USAGE = YES_ERROR;
				CLANG_WARN_DOCUMENTATION_COMMENTS = YES;
				CLANG_WARN_EMPTY_BODY = YES;
				CLANG_WARN_ENUM_CONVERSION = YES;
				CLANG_WARN_INFINITE_RECURSION = YES;
				CLANG_WARN_INT_CONVERSION = YES;
				CLANG_WARN_NON_LITERAL_NULL_CONVERSION = YES;
				CLANG_WARN_OBJC_IMPLICIT_RETAIN_SELF = YES;
				CLANG_WARN_OBJC_LITERAL_CONVERSION = YES;
				CLANG_WARN_OBJC_ROOT_CLASS = YES_ERROR;
				CLANG_WARN_QUOTED_INCLUDE_IN_FRAMEWORK_HEADER = YES;
				CLANG_WARN_RANGE_LOOP_ANALYSIS = YES;
				CLANG_WARN_STRICT_PROTOTYPES = YES;
				CLANG_WARN_SUSPICIOUS_MOVE = YES;
				CLANG_WARN_UNGUARDED_AVAILABILITY = YES_AGGRESSIVE;
				CLANG_WARN_UNREACHABLE_CODE = YES;
				CLANG_WARN__DUPLICATE_METHOD_MATCH = YES;
				COPY_PHASE_STRIP = NO;
				DEBUG_INFORMATION_FORMAT = "dwarf-with-dsym";
				ENABLE_NS_ASSERTIONS = NO;
				ENABLE_STRICT_OBJC_MSGSEND = YES;
				GCC_C_LANGUAGE_STANDARD = gnu11;
				GCC_NO_COMMON_BLOCKS = YES;
				GCC_WARN_64_TO_32_BIT_CONVERSION = YES;
				GCC_WARN_ABOUT_RETURN_TYPE = YES_ERROR;
				GCC_WARN_UNDECLARED_SELECTOR = YES;
				GCC_WARN_UNINITIALIZED_AUTOS = YES_AGGRESSIVE;
				GCC_WARN_UNUSED_FUNCTION = YES;
				GCC_WARN_UNUSED_VARIABLE = YES;
				IPHONEOS_DEPLOYMENT_TARGET = 13.0;
				MTL_ENABLE_DEBUG_INFO = NO;
				MTL_FAST_MATH = YES;
				SDKROOT = iphoneos;
				SWIFT_COMPILATION_MODE = wholemodule;
				SWIFT_OPTIMIZATION_LEVEL = "-O";
				VALIDATE_PRODUCT = YES;
			};
			name = Release;
		};
/* End XCBuildConfiguration section */

/* Begin XCConfigurationList section */
		279570B426F0D79B00B1FA99 /* Build configuration list for PBXNativeTarget "join-stories-sdk-ios-demo" */ = {
			isa = XCConfigurationList;
			buildConfigurations = (
				279570B526F0D79B00B1FA99 /* Debug */,
				279570B626F0D79B00B1FA99 /* Release */,
			);
			defaultConfigurationIsVisible = 0;
			defaultConfigurationName = Release;
		};
		27C6816C26D5361100AF0536 /* Build configuration list for PBXProject "join-stories-sdk-ios-demo" */ = {
			isa = XCConfigurationList;
			buildConfigurations = (
				27C6817E26D5361200AF0536 /* Debug */,
				27C6817F26D5361200AF0536 /* Release */,
			);
			defaultConfigurationIsVisible = 0;
			defaultConfigurationName = Release;
		};
/* End XCConfigurationList section */
	};
	rootObject = 27C6816926D5361100AF0536 /* Project object */;
}
